// !$*UTF8*$!
{
	archiveVersion = 1;
	classes = {
	};
	objectVersion = 56;
	objects = {

/* Begin PBXBuildFile section */
		7ED517172AE6C55F0089CB7B /* AppDelegate.swift in Sources */ = {isa = PBXBuildFile; fileRef = 7ED517162AE6C55F0089CB7B /* AppDelegate.swift */; };
		7ED517192AE6C55F0089CB7B /* SceneDelegate.swift in Sources */ = {isa = PBXBuildFile; fileRef = 7ED517182AE6C55F0089CB7B /* SceneDelegate.swift */; };
		7ED5171B2AE6C55F0089CB7B /* ViewController.swift in Sources */ = {isa = PBXBuildFile; fileRef = 7ED5171A2AE6C55F0089CB7B /* ViewController.swift */; };
		7ED5171E2AE6C55F0089CB7B /* Main.storyboard in Resources */ = {isa = PBXBuildFile; fileRef = 7ED5171C2AE6C55F0089CB7B /* Main.storyboard */; };
		7ED517202AE6C5620089CB7B /* Assets.xcassets in Resources */ = {isa = PBXBuildFile; fileRef = 7ED5171F2AE6C5620089CB7B /* Assets.xcassets */; };
		7ED517232AE6C5620089CB7B /* LaunchScreen.storyboard in Resources */ = {isa = PBXBuildFile; fileRef = 7ED517212AE6C5620089CB7B /* LaunchScreen.storyboard */; };
		7ED5172E2AE6C5630089CB7B /* APPLE_PIETests.swift in Sources */ = {isa = PBXBuildFile; fileRef = 7ED5172D2AE6C5630089CB7B /* APPLE_PIETests.swift */; };
		7ED517382AE6C5630089CB7B /* APPLE_PIEUITests.swift in Sources */ = {isa = PBXBuildFile; fileRef = 7ED517372AE6C5630089CB7B /* APPLE_PIEUITests.swift */; };
		7ED5173A2AE6C5630089CB7B /* APPLE_PIEUITestsLaunchTests.swift in Sources */ = {isa = PBXBuildFile; fileRef = 7ED517392AE6C5630089CB7B /* APPLE_PIEUITestsLaunchTests.swift */; };
/* End PBXBuildFile section */

/* Begin PBXContainerItemProxy section */
		7ED5172A2AE6C5630089CB7B /* PBXContainerItemProxy */ = {
			isa = PBXContainerItemProxy;
			containerPortal = 7ED5170B2AE6C55F0089CB7B /* Project object */;
			proxyType = 1;
			remoteGlobalIDString = 7ED517122AE6C55F0089CB7B;
			remoteInfo = "APPLE PIE";
		};
		7ED517342AE6C5630089CB7B /* PBXContainerItemProxy */ = {
			isa = PBXContainerItemProxy;
			containerPortal = 7ED5170B2AE6C55F0089CB7B /* Project object */;
			proxyType = 1;
			remoteGlobalIDString = 7ED517122AE6C55F0089CB7B;
			remoteInfo = "APPLE PIE";
		};
/* End PBXContainerItemProxy section */

/* Begin PBXFileReference section */
		7ED517132AE6C55F0089CB7B /* APPLE PIE.app */ = {isa = PBXFileReference; explicitFileType = wrapper.application; includeInIndex = 0; path = "APPLE PIE.app"; sourceTree = BUILT_PRODUCTS_DIR; };
		7ED517162AE6C55F0089CB7B /* AppDelegate.swift */ = {isa = PBXFileReference; lastKnownFileType = sourcecode.swift; path = AppDelegate.swift; sourceTree = "<group>"; };
		7ED517182AE6C55F0089CB7B /* SceneDelegate.swift */ = {isa = PBXFileReference; lastKnownFileType = sourcecode.swift; path = SceneDelegate.swift; sourceTree = "<group>"; };
		7ED5171A2AE6C55F0089CB7B /* ViewController.swift */ = {isa = PBXFileReference; lastKnownFileType = sourcecode.swift; path = ViewController.swift; sourceTree = "<group>"; };
		7ED5171D2AE6C55F0089CB7B /* Base */ = {isa = PBXFileReference; lastKnownFileType = file.storyboard; name = Base; path = Base.lproj/Main.storyboard; sourceTree = "<group>"; };
		7ED5171F2AE6C5620089CB7B /* Assets.xcassets */ = {isa = PBXFileReference; lastKnownFileType = folder.assetcatalog; path = Assets.xcassets; sourceTree = "<group>"; };
		7ED517222AE6C5620089CB7B /* Base */ = {isa = PBXFileReference; lastKnownFileType = file.storyboard; name = Base; path = Base.lproj/LaunchScreen.storyboard; sourceTree = "<group>"; };
		7ED517242AE6C5620089CB7B /* Info.plist */ = {isa = PBXFileReference; lastKnownFileType = text.plist.xml; path = Info.plist; sourceTree = "<group>"; };
		7ED517292AE6C5630089CB7B /* APPLE PIETests.xctest */ = {isa = PBXFileReference; explicitFileType = wrapper.cfbundle; includeInIndex = 0; path = "APPLE PIETests.xctest"; sourceTree = BUILT_PRODUCTS_DIR; };
		7ED5172D2AE6C5630089CB7B /* APPLE_PIETests.swift */ = {isa = PBXFileReference; lastKnownFileType = sourcecode.swift; path = APPLE_PIETests.swift; sourceTree = "<group>"; };
		7ED517332AE6C5630089CB7B /* APPLE PIEUITests.xctest */ = {isa = PBXFileReference; explicitFileType = wrapper.cfbundle; includeInIndex = 0; path = "APPLE PIEUITests.xctest"; sourceTree = BUILT_PRODUCTS_DIR; };
		7ED517372AE6C5630089CB7B /* APPLE_PIEUITests.swift */ = {isa = PBXFileReference; lastKnownFileType = sourcecode.swift; path = APPLE_PIEUITests.swift; sourceTree = "<group>"; };
		7ED517392AE6C5630089CB7B /* APPLE_PIEUITestsLaunchTests.swift */ = {isa = PBXFileReference; lastKnownFileType = sourcecode.swift; path = APPLE_PIEUITestsLaunchTests.swift; sourceTree = "<group>"; };
/* End PBXFileReference section */

/* Begin PBXFrameworksBuildPhase section */
		7ED517102AE6C55F0089CB7B /* Frameworks */ = {
			isa = PBXFrameworksBuildPhase;
			buildActionMask = 2147483647;
			files = (
			);
			runOnlyForDeploymentPostprocessing = 0;
		};
		7ED517262AE6C5630089CB7B /* Frameworks */ = {
			isa = PBXFrameworksBuildPhase;
			buildActionMask = 2147483647;
			files = (
			);
			runOnlyForDeploymentPostprocessing = 0;
		};
		7ED517302AE6C5630089CB7B /* Frameworks */ = {
			isa = PBXFrameworksBuildPhase;
			buildActionMask = 2147483647;
			files = (
			);
			runOnlyForDeploymentPostprocessing = 0;
		};
/* End PBXFrameworksBuildPhase section */

/* Begin PBXGroup section */
		7ED5170A2AE6C55F0089CB7B = {
			isa = PBXGroup;
			children = (
				7ED517152AE6C55F0089CB7B /* APPLE PIE */,
				7ED5172C2AE6C5630089CB7B /* APPLE PIETests */,
				7ED517362AE6C5630089CB7B /* APPLE PIEUITests */,
				7ED517142AE6C55F0089CB7B /* Products */,
			);
			sourceTree = "<group>";
		};
		7ED517142AE6C55F0089CB7B /* Products */ = {
			isa = PBXGroup;
			children = (
				7ED517132AE6C55F0089CB7B /* APPLE PIE.app */,
				7ED517292AE6C5630089CB7B /* APPLE PIETests.xctest */,
				7ED517332AE6C5630089CB7B /* APPLE PIEUITests.xctest */,
			);
			name = Products;
			sourceTree = "<group>";
		};
		7ED517152AE6C55F0089CB7B /* APPLE PIE */ = {
			isa = PBXGroup;
			children = (
				7ED517162AE6C55F0089CB7B /* AppDelegate.swift */,
				7ED517182AE6C55F0089CB7B /* SceneDelegate.swift */,
				7ED5171A2AE6C55F0089CB7B /* ViewController.swift */,
				7ED5171C2AE6C55F0089CB7B /* Main.storyboard */,
				7ED5171F2AE6C5620089CB7B /* Assets.xcassets */,
				7ED517212AE6C5620089CB7B /* LaunchScreen.storyboard */,
				7ED517242AE6C5620089CB7B /* Info.plist */,
			);
			path = "APPLE PIE";
			sourceTree = "<group>";
		};
		7ED5172C2AE6C5630089CB7B /* APPLE PIETests */ = {
			isa = PBXGroup;
			children = (
				7ED5172D2AE6C5630089CB7B /* APPLE_PIETests.swift */,
			);
			path = "APPLE PIETests";
			sourceTree = "<group>";
		};
		7ED517362AE6C5630089CB7B /* APPLE PIEUITests */ = {
			isa = PBXGroup;
			children = (
				7ED517372AE6C5630089CB7B /* APPLE_PIEUITests.swift */,
				7ED517392AE6C5630089CB7B /* APPLE_PIEUITestsLaunchTests.swift */,
			);
			path = "APPLE PIEUITests";
			sourceTree = "<group>";
		};
/* End PBXGroup section */

/* Begin PBXNativeTarget section */
		7ED517122AE6C55F0089CB7B /* APPLE PIE */ = {
			isa = PBXNativeTarget;
			buildConfigurationList = 7ED5173D2AE6C5630089CB7B /* Build configuration list for PBXNativeTarget "APPLE PIE" */;
			buildPhases = (
				7ED5170F2AE6C55F0089CB7B /* Sources */,
				7ED517102AE6C55F0089CB7B /* Frameworks */,
				7ED517112AE6C55F0089CB7B /* Resources */,
			);
			buildRules = (
			);
			dependencies = (
			);
			name = "APPLE PIE";
			productName = "APPLE PIE";
			productReference = 7ED517132AE6C55F0089CB7B /* APPLE PIE.app */;
			productType = "com.apple.product-type.application";
		};
		7ED517282AE6C5630089CB7B /* APPLE PIETests */ = {
			isa = PBXNativeTarget;
			buildConfigurationList = 7ED517402AE6C5630089CB7B /* Build configuration list for PBXNativeTarget "APPLE PIETests" */;
			buildPhases = (
				7ED517252AE6C5630089CB7B /* Sources */,
				7ED517262AE6C5630089CB7B /* Frameworks */,
				7ED517272AE6C5630089CB7B /* Resources */,
			);
			buildRules = (
			);
			dependencies = (
				7ED5172B2AE6C5630089CB7B /* PBXTargetDependency */,
			);
			name = "APPLE PIETests";
			productName = "APPLE PIETests";
			productReference = 7ED517292AE6C5630089CB7B /* APPLE PIETests.xctest */;
			productType = "com.apple.product-type.bundle.unit-test";
		};
		7ED517322AE6C5630089CB7B /* APPLE PIEUITests */ = {
			isa = PBXNativeTarget;
			buildConfigurationList = 7ED517432AE6C5630089CB7B /* Build configuration list for PBXNativeTarget "APPLE PIEUITests" */;
			buildPhases = (
				7ED5172F2AE6C5630089CB7B /* Sources */,
				7ED517302AE6C5630089CB7B /* Frameworks */,
				7ED517312AE6C5630089CB7B /* Resources */,
			);
			buildRules = (
			);
			dependencies = (
				7ED517352AE6C5630089CB7B /* PBXTargetDependency */,
			);
			name = "APPLE PIEUITests";
			productName = "APPLE PIEUITests";
			productReference = 7ED517332AE6C5630089CB7B /* APPLE PIEUITests.xctest */;
			productType = "com.apple.product-type.bundle.ui-testing";
		};
/* End PBXNativeTarget section */

/* Begin PBXProject section */
		7ED5170B2AE6C55F0089CB7B /* Project object */ = {
			isa = PBXProject;
			attributes = {
				BuildIndependentTargetsInParallel = 1;
				LastSwiftUpdateCheck = 1420;
				LastUpgradeCheck = 1420;
				TargetAttributes = {
					7ED517122AE6C55F0089CB7B = {
						CreatedOnToolsVersion = 14.2;
					};
					7ED517282AE6C5630089CB7B = {
						CreatedOnToolsVersion = 14.2;
						TestTargetID = 7ED517122AE6C55F0089CB7B;
					};
					7ED517322AE6C5630089CB7B = {
						CreatedOnToolsVersion = 14.2;
						TestTargetID = 7ED517122AE6C55F0089CB7B;
					};
				};
			};
			buildConfigurationList = 7ED5170E2AE6C55F0089CB7B /* Build configuration list for PBXProject "APPLE PIE" */;
			compatibilityVersion = "Xcode 14.0";
			developmentRegion = en;
			hasScannedForEncodings = 0;
			knownRegions = (
				en,
				Base,
			);
			mainGroup = 7ED5170A2AE6C55F0089CB7B;
			productRefGroup = 7ED517142AE6C55F0089CB7B /* Products */;
			projectDirPath = "";
			projectRoot = "";
			targets = (
				7ED517122AE6C55F0089CB7B /* APPLE PIE */,
				7ED517282AE6C5630089CB7B /* APPLE PIETests */,
				7ED517322AE6C5630089CB7B /* APPLE PIEUITests */,
			);
		};
/* End PBXProject section */

/* Begin PBXResourcesBuildPhase section */
		7ED517112AE6C55F0089CB7B /* Resources */ = {
			isa = PBXResourcesBuildPhase;
			buildActionMask = 2147483647;
			files = (
				7ED517232AE6C5620089CB7B /* LaunchScreen.storyboard in Resources */,
				7ED517202AE6C5620089CB7B /* Assets.xcassets in Resources */,
				7ED5171E2AE6C55F0089CB7B /* Main.storyboard in Resources */,
			);
			runOnlyForDeploymentPostprocessing = 0;
		};
		7ED517272AE6C5630089CB7B /* Resources */ = {
			isa = PBXResourcesBuildPhase;
			buildActionMask = 2147483647;
			files = (
			);
			runOnlyForDeploymentPostprocessing = 0;
		};
		7ED517312AE6C5630089CB7B /* Resources */ = {
			isa = PBXResourcesBuildPhase;
			buildActionMask = 2147483647;
			files = (
			);
			runOnlyForDeploymentPostprocessing = 0;
		};
/* End PBXResourcesBuildPhase section */

/* Begin PBXSourcesBuildPhase section */
		7ED5170F2AE6C55F0089CB7B /* Sources */ = {
			isa = PBXSourcesBuildPhase;
			buildActionMask = 2147483647;
			files = (
				7ED5171B2AE6C55F0089CB7B /* ViewController.swift in Sources */,
				7ED517172AE6C55F0089CB7B /* AppDelegate.swift in Sources */,
				7ED517192AE6C55F0089CB7B /* SceneDelegate.swift in Sources */,
			);
			runOnlyForDeploymentPostprocessing = 0;
		};
		7ED517252AE6C5630089CB7B /* Sources */ = {
			isa = PBXSourcesBuildPhase;
			buildActionMask = 2147483647;
			files = (
				7ED5172E2AE6C5630089CB7B /* APPLE_PIETests.swift in Sources */,
			);
			runOnlyForDeploymentPostprocessing = 0;
		};
		7ED5172F2AE6C5630089CB7B /* Sources */ = {
			isa = PBXSourcesBuildPhase;
			buildActionMask = 2147483647;
			files = (
				7ED5173A2AE6C5630089CB7B /* APPLE_PIEUITestsLaunchTests.swift in Sources */,
				7ED517382AE6C5630089CB7B /* APPLE_PIEUITests.swift in Sources */,
			);
			runOnlyForDeploymentPostprocessing = 0;
		};
/* End PBXSourcesBuildPhase section */

/* Begin PBXTargetDependency section */
		7ED5172B2AE6C5630089CB7B /* PBXTargetDependency */ = {
			isa = PBXTargetDependency;
			target = 7ED517122AE6C55F0089CB7B /* APPLE PIE */;
			targetProxy = 7ED5172A2AE6C5630089CB7B /* PBXContainerItemProxy */;
		};
		7ED517352AE6C5630089CB7B /* PBXTargetDependency */ = {
			isa = PBXTargetDependency;
			target = 7ED517122AE6C55F0089CB7B /* APPLE PIE */;
			targetProxy = 7ED517342AE6C5630089CB7B /* PBXContainerItemProxy */;
		};
/* End PBXTargetDependency section */

/* Begin PBXVariantGroup section */
		7ED5171C2AE6C55F0089CB7B /* Main.storyboard */ = {
			isa = PBXVariantGroup;
			children = (
				7ED5171D2AE6C55F0089CB7B /* Base */,
			);
			name = Main.storyboard;
			sourceTree = "<group>";
		};
		7ED517212AE6C5620089CB7B /* LaunchScreen.storyboard */ = {
			isa = PBXVariantGroup;
			children = (
				7ED517222AE6C5620089CB7B /* Base */,
			);
			name = LaunchScreen.storyboard;
			sourceTree = "<group>";
		};
/* End PBXVariantGroup section */

/* Begin XCBuildConfiguration section */
		7ED5173B2AE6C5630089CB7B /* Debug */ = {
			isa = XCBuildConfiguration;
			buildSettings = {
				ALWAYS_SEARCH_USER_PATHS = NO;
				CLANG_ANALYZER_NONNULL = YES;
				CLANG_ANALYZER_NUMBER_OBJECT_CONVERSION = YES_AGGRESSIVE;
				CLANG_CXX_LANGUAGE_STANDARD = "gnu++20";
				CLANG_ENABLE_MODULES = YES;
				CLANG_ENABLE_OBJC_ARC = YES;
				CLANG_ENABLE_OBJC_WEAK = YES;
				CLANG_WARN_BLOCK_CAPTURE_AUTORELEASING = YES;
				CLANG_WARN_BOOL_CONVERSION = YES;
				CLANG_WARN_COMMA = YES;
				CLANG_WARN_CONSTANT_CONVERSION = YES;
				CLANG_WARN_DEPRECATED_OBJC_IMPLEMENTATIONS = YES;
				CLANG_WARN_DIRECT_OBJC_ISA_USAGE = YES_ERROR;
				CLANG_WARN_DOCUMENTATION_COMMENTS = YES;
				CLANG_WARN_EMPTY_BODY = YES;
				CLANG_WARN_ENUM_CONVERSION = YES;
				CLANG_WARN_INFINITE_RECURSION = YES;
				CLANG_WARN_INT_CONVERSION = YES;
				CLANG_WARN_NON_LITERAL_NULL_CONVERSION = YES;
				CLANG_WARN_OBJC_IMPLICIT_RETAIN_SELF = YES;
				CLANG_WARN_OBJC_LITERAL_CONVERSION = YES;
				CLANG_WARN_OBJC_ROOT_CLASS = YES_ERROR;
				CLANG_WARN_QUOTED_INCLUDE_IN_FRAMEWORK_HEADER = YES;
				CLANG_WARN_RANGE_LOOP_ANALYSIS = YES;
				CLANG_WARN_STRICT_PROTOTYPES = YES;
				CLANG_WARN_SUSPICIOUS_MOVE = YES;
				CLANG_WARN_UNGUARDED_AVAILABILITY = YES_AGGRESSIVE;
				CLANG_WARN_UNREACHABLE_CODE = YES;
				CLANG_WARN__DUPLICATE_METHOD_MATCH = YES;
				COPY_PHASE_STRIP = NO;
				DEBUG_INFORMATION_FORMAT = dwarf;
				ENABLE_STRICT_OBJC_MSGSEND = YES;
				ENABLE_TESTABILITY = YES;
				GCC_C_LANGUAGE_STANDARD = gnu11;
				GCC_DYNAMIC_NO_PIC = NO;
				GCC_NO_COMMON_BLOCKS = YES;
				GCC_OPTIMIZATION_LEVEL = 0;
				GCC_PREPROCESSOR_DEFINITIONS = (
					"DEBUG=1",
					"$(inherited)",
				);
				GCC_WARN_64_TO_32_BIT_CONVERSION = YES;
				GCC_WARN_ABOUT_RETURN_TYPE = YES_ERROR;
				GCC_WARN_UNDECLARED_SELECTOR = YES;
				GCC_WARN_UNINITIALIZED_AUTOS = YES_AGGRESSIVE;
				GCC_WARN_UNUSED_FUNCTION = YES;
				GCC_WARN_UNUSED_VARIABLE = YES;
				IPHONEOS_DEPLOYMENT_TARGET = 16.2;
				MTL_ENABLE_DEBUG_INFO = INCLUDE_SOURCE;
				MTL_FAST_MATH = YES;
				ONLY_ACTIVE_ARCH = YES;
				SDKROOT = iphoneos;
				SWIFT_ACTIVE_COMPILATION_CONDITIONS = DEBUG;
				SWIFT_OPTIMIZATION_LEVEL = "-Onone";
			};
			name = Debug;
		};
		7ED5173C2AE6C5630089CB7B /* Release */ = {
			isa = XCBuildConfiguration;
			buildSettings = {
				ALWAYS_SEARCH_USER_PATHS = NO;
				CLANG_ANALYZER_NONNULL = YES;
				CLANG_ANALYZER_NUMBER_OBJECT_CONVERSION = YES_AGGRESSIVE;
				CLANG_CXX_LANGUAGE_STANDARD = "gnu++20";
				CLANG_ENABLE_MODULES = YES;
				CLANG_ENABLE_OBJC_ARC = YES;
				CLANG_ENABLE_OBJC_WEAK = YES;
				CLANG_WARN_BLOCK_CAPTURE_AUTORELEASING = YES;
				CLANG_WARN_BOOL_CONVERSION = YES;
				CLANG_WARN_COMMA = YES;
				CLANG_WARN_CONSTANT_CONVERSION = YES;
				CLANG_WARN_DEPRECATED_OBJC_IMPLEMENTATIONS = YES;
				CLANG_WARN_DIRECT_OBJC_ISA_USAGE = YES_ERROR;
				CLANG_WARN_DOCUMENTATION_COMMENTS = YES;
				CLANG_WARN_EMPTY_BODY = YES;
				CLANG_WARN_ENUM_CONVERSION = YES;
				CLANG_WARN_INFINITE_RECURSION = YES;
				CLANG_WARN_INT_CONVERSION = YES;
				CLANG_WARN_NON_LITERAL_NULL_CONVERSION = YES;
				CLANG_WARN_OBJC_IMPLICIT_RETAIN_SELF = YES;
				CLANG_WARN_OBJC_LITERAL_CONVERSION = YES;
				CLANG_WARN_OBJC_ROOT_CLASS = YES_ERROR;
				CLANG_WARN_QUOTED_INCLUDE_IN_FRAMEWORK_HEADER = YES;
				CLANG_WARN_RANGE_LOOP_ANALYSIS = YES;
				CLANG_WARN_STRICT_PROTOTYPES = YES;
				CLANG_WARN_SUSPICIOUS_MOVE = YES;
				CLANG_WARN_UNGUARDED_AVAILABILITY = YES_AGGRESSIVE;
				CLANG_WARN_UNREACHABLE_CODE = YES;
				CLANG_WARN__DUPLICATE_METHOD_MATCH = YES;
				COPY_PHASE_STRIP = NO;
				DEBUG_INFORMATION_FORMAT = "dwarf-with-dsym";
				ENABLE_NS_ASSERTIONS = NO;
				ENABLE_STRICT_OBJC_MSGSEND = YES;
				GCC_C_LANGUAGE_STANDARD = gnu11;
				GCC_NO_COMMON_BLOCKS = YES;
				GCC_WARN_64_TO_32_BIT_CONVERSION = YES;
				GCC_WARN_ABOUT_RETURN_TYPE = YES_ERROR;
				GCC_WARN_UNDECLARED_SELECTOR = YES;
				GCC_WARN_UNINITIALIZED_AUTOS = YES_AGGRESSIVE;
				GCC_WARN_UNUSED_FUNCTION = YES;
				GCC_WARN_UNUSED_VARIABLE = YES;
				IPHONEOS_DEPLOYMENT_TARGET = 16.2;
				MTL_ENABLE_DEBUG_INFO = NO;
				MTL_FAST_MATH = YES;
				SDKROOT = iphoneos;
				SWIFT_COMPILATION_MODE = wholemodule;
				SWIFT_OPTIMIZATION_LEVEL = "-O";
				VALIDATE_PRODUCT = YES;
			};
			name = Release;
		};
		7ED5173E2AE6C5630089CB7B /* Debug */ = {
			isa = XCBuildConfiguration;
			buildSettings = {
				ASSETCATALOG_COMPILER_APPICON_NAME = AppIcon;
				ASSETCATALOG_COMPILER_GLOBAL_ACCENT_COLOR_NAME = AccentColor;
				CODE_SIGN_STYLE = Automatic;
				CURRENT_PROJECT_VERSION = 1;
				GENERATE_INFOPLIST_FILE = YES;
				INFOPLIST_FILE = "APPLE PIE/Info.plist";
				INFOPLIST_KEY_UIApplicationSupportsIndirectInputEvents = YES;
				INFOPLIST_KEY_UILaunchStoryboardName = LaunchScreen;
				INFOPLIST_KEY_UIMainStoryboardFile = Main;
				INFOPLIST_KEY_UISupportedInterfaceOrientations_iPad = "UIInterfaceOrientationPortrait UIInterfaceOrientationPortraitUpsideDown UIInterfaceOrientationLandscapeLeft UIInterfaceOrientationLandscapeRight";
				INFOPLIST_KEY_UISupportedInterfaceOrientations_iPhone = "UIInterfaceOrientationPortrait UIInterfaceOrientationLandscapeLeft UIInterfaceOrientationLandscapeRight";
				LD_RUNPATH_SEARCH_PATHS = (
					"$(inherited)",
					"@executable_path/Frameworks",
				);
				MARKETING_VERSION = 1.0;
				PRODUCT_BUNDLE_IDENTIFIER = "com.Jose.APPLE-PIE";
				PRODUCT_NAME = "$(TARGET_NAME)";
				SWIFT_EMIT_LOC_STRINGS = YES;
				SWIFT_VERSION = 5.0;
				TARGETED_DEVICE_FAMILY = "1,2";
			};
			name = Debug;
		};
		7ED5173F2AE6C5630089CB7B /* Release */ = {
			isa = XCBuildConfiguration;
			buildSettings = {
				ASSETCATALOG_COMPILER_APPICON_NAME = AppIcon;
				ASSETCATALOG_COMPILER_GLOBAL_ACCENT_COLOR_NAME = AccentColor;
				CODE_SIGN_STYLE = Automatic;
				CURRENT_PROJECT_VERSION = 1;
				GENERATE_INFOPLIST_FILE = YES;
				INFOPLIST_FILE = "APPLE PIE/Info.plist";
				INFOPLIST_KEY_UIApplicationSupportsIndirectInputEvents = YES;
				INFOPLIST_KEY_UILaunchStoryboardName = LaunchScreen;
				INFOPLIST_KEY_UIMainStoryboardFile = Main;
				INFOPLIST_KEY_UISupportedInterfaceOrientations_iPad = "UIInterfaceOrientationPortrait UIInterfaceOrientationPortraitUpsideDown UIInterfaceOrientationLandscapeLeft UIInterfaceOrientationLandscapeRight";
				INFOPLIST_KEY_UISupportedInterfaceOrientations_iPhone = "UIInterfaceOrientationPortrait UIInterfaceOrientationLandscapeLeft UIInterfaceOrientationLandscapeRight";
				LD_RUNPATH_SEARCH_PATHS = (
					"$(inherited)",
					"@executable_path/Frameworks",
				);
				MARKETING_VERSION = 1.0;
				PRODUCT_BUNDLE_IDENTIFIER = "com.Jose.APPLE-PIE";
				PRODUCT_NAME = "$(TARGET_NAME)";
				SWIFT_EMIT_LOC_STRINGS = YES;
				SWIFT_VERSION = 5.0;
				TARGETED_DEVICE_FAMILY = "1,2";
			};
			name = Release;
		};
		7ED517412AE6C5630089CB7B /* Debug */ = {
			isa = XCBuildConfiguration;
			buildSettings = {
				ALWAYS_EMBED_SWIFT_STANDARD_LIBRARIES = YES;
				BUNDLE_LOADER = "$(TEST_HOST)";
				CODE_SIGN_STYLE = Automatic;
				CURRENT_PROJECT_VERSION = 1;
				GENERATE_INFOPLIST_FILE = YES;
				IPHONEOS_DEPLOYMENT_TARGET = 16.2;
				MARKETING_VERSION = 1.0;
				PRODUCT_BUNDLE_IDENTIFIER = "com.Jose.APPLE-PIETests";
				PRODUCT_NAME = "$(TARGET_NAME)";
				SWIFT_EMIT_LOC_STRINGS = NO;
				SWIFT_VERSION = 5.0;
				TARGETED_DEVICE_FAMILY = "1,2";
				TEST_HOST = "$(BUILT_PRODUCTS_DIR)/APPLE PIE.app/$(BUNDLE_EXECUTABLE_FOLDER_PATH)/APPLE PIE";
			};
			name = Debug;
		};
		7ED517422AE6C5630089CB7B /* Release */ = {
			isa = XCBuildConfiguration;
			buildSettings = {
				ALWAYS_EMBED_SWIFT_STANDARD_LIBRARIES = YES;
				BUNDLE_LOADER = "$(TEST_HOST)";
				CODE_SIGN_STYLE = Automatic;
				CURRENT_PROJECT_VERSION = 1;
				GENERATE_INFOPLIST_FILE = YES;
				IPHONEOS_DEPLOYMENT_TARGET = 16.2;
				MARKETING_VERSION = 1.0;
				PRODUCT_BUNDLE_IDENTIFIER = "com.Jose.APPLE-PIETests";
				PRODUCT_NAME = "$(TARGET_NAME)";
				SWIFT_EMIT_LOC_STRINGS = NO;
				SWIFT_VERSION = 5.0;
				TARGETED_DEVICE_FAMILY = "1,2";
				TEST_HOST = "$(BUILT_PRODUCTS_DIR)/APPLE PIE.app/$(BUNDLE_EXECUTABLE_FOLDER_PATH)/APPLE PIE";
			};
			name = Release;
		};
		7ED517442AE6C5630089CB7B /* Debug */ = {
			isa = XCBuildConfiguration;
			buildSettings = {
				ALWAYS_EMBED_SWIFT_STANDARD_LIBRARIES = YES;
				CODE_SIGN_STYLE = Automatic;
				CURRENT_PROJECT_VERSION = 1;
				GENERATE_INFOPLIST_FILE = YES;
				MARKETING_VERSION = 1.0;
				PRODUCT_BUNDLE_IDENTIFIER = "com.Jose.APPLE-PIEUITests";
				PRODUCT_NAME = "$(TARGET_NAME)";
				SWIFT_EMIT_LOC_STRINGS = NO;
				SWIFT_VERSION = 5.0;
				TARGETED_DEVICE_FAMILY = "1,2";
				TEST_TARGET_NAME = "APPLE PIE";
			};
			name = Debug;
		};
		7ED517452AE6C5630089CB7B /* Release */ = {
			isa = XCBuildConfiguration;
			buildSettings = {
				ALWAYS_EMBED_SWIFT_STANDARD_LIBRARIES = YES;
				CODE_SIGN_STYLE = Automatic;
				CURRENT_PROJECT_VERSION = 1;
				GENERATE_INFOPLIST_FILE = YES;
				MARKETING_VERSION = 1.0;
				PRODUCT_BUNDLE_IDENTIFIER = "com.Jose.APPLE-PIEUITests";
				PRODUCT_NAME = "$(TARGET_NAME)";
				SWIFT_EMIT_LOC_STRINGS = NO;
				SWIFT_VERSION = 5.0;
				TARGETED_DEVICE_FAMILY = "1,2";
				TEST_TARGET_NAME = "APPLE PIE";
			};
			name = Release;
		};
/* End XCBuildConfiguration section */

/* Begin XCConfigurationList section */
		7ED5170E2AE6C55F0089CB7B /* Build configuration list for PBXProject "APPLE PIE" */ = {
			isa = XCConfigurationList;
			buildConfigurations = (
				7ED5173B2AE6C5630089CB7B /* Debug */,
				7ED5173C2AE6C5630089CB7B /* Release */,
			);
			defaultConfigurationIsVisible = 0;
			defaultConfigurationName = Release;
		};
		7ED5173D2AE6C5630089CB7B /* Build configuration list for PBXNativeTarget "APPLE PIE" */ = {
			isa = XCConfigurationList;
			buildConfigurations = (
				7ED5173E2AE6C5630089CB7B /* Debug */,
				7ED5173F2AE6C5630089CB7B /* Release */,
			);
			defaultConfigurationIsVisible = 0;
			defaultConfigurationName = Release;
		};
		7ED517402AE6C5630089CB7B /* Build configuration list for PBXNativeTarget "APPLE PIETests" */ = {
			isa = XCConfigurationList;
			buildConfigurations = (
				7ED517412AE6C5630089CB7B /* Debug */,
				7ED517422AE6C5630089CB7B /* Release */,
			);
			defaultConfigurationIsVisible = 0;
			defaultConfigurationName = Release;
		};
		7ED517432AE6C5630089CB7B /* Build configuration list for PBXNativeTarget "APPLE PIEUITests" */ = {
			isa = XCConfigurationList;
			buildConfigurations = (
				7ED517442AE6C5630089CB7B /* Debug */,
				7ED517452AE6C5630089CB7B /* Release */,
			);
			defaultConfigurationIsVisible = 0;
			defaultConfigurationName = Release;
		};
/* End XCConfigurationList section */
	};
	rootObject = 7ED5170B2AE6C55F0089CB7B /* Project object */;
}
